
Microsoft Visual Studio Solution File, Format Version 12.00
# Visual Studio Version 16
VisualStudioVersion = 16.0.35325.158
MinimumVisualStudioVersion = 10.0.40219.1
Project("{FAE04EC0-301F-11D3-BF4B-00C04F79EFBC}") = "Blits Audio", "Blits Audio\Blits Audio.csproj", "{544C731B-C641-4DE6-AEA6-CD5F6C5BF847}"
EndProject
Global
	GlobalSection(SolutionConfigurationPlatforms) = preSolution
		Debug|Any CPU = Debug|Any CPU
		Release|Any CPU = Release|Any CPU
	EndGlobalSection
	GlobalSection(ProjectConfigurationPlatforms) = postSolution
		{544C731B-C641-4DE6-AEA6-CD5F6C5BF847}.Debug|Any CPU.ActiveCfg = Debug|Any CPU
		{544C731B-C641-4DE6-AEA6-CD5F6C5BF847}.Debug|Any CPU.Build.0 = Debug|Any CPU
		{544C731B-C641-4DE6-AEA6-CD5F6C5BF847}.Release|Any CPU.ActiveCfg = Release|Any CPU
		{544C731B-C641-4DE6-AEA6-CD5F6C5BF847}.Release|Any CPU.Build.0 = Release|Any CPU
	EndGlobalSection
	GlobalSection(SolutionProperties) = preSolution
		HideSolutionNode = FALSE
	EndGlobalSection
	GlobalSection(ExtensibilityGlobals) = postSolution
		SolutionGuid = {C1C14304-FF75-462B-937B-2B940359975E}
	EndGlobalSection
EndGlobal
